
Microsoft Visual Studio Solution File, Format Version 12.00
# Visual Studio Version 17
VisualStudioVersion = 17.14.36811.4
MinimumVisualStudioVersion = 10.0.40219.1
Project("{FAE04EC0-301F-11D3-BF4B-00C04F79EFBC}") = "Data", "Data\Data.csproj", "{B7632185-5200-4D9A-A97B-8B9CE3A211E1}"
EndProject
Project("{FAE04EC0-301F-11D3-BF4B-00C04F79EFBC}") = "Core", "Core\Core.csproj", "{386FEF0E-59E4-435B-94FC-FAF61BAF4B1C}"
EndProject
Project("{FAE04EC0-301F-11D3-BF4B-00C04F79EFBC}") = "Utils", "Utils\Utils.csproj", "{ECD490C8-F82E-44CE-B028-1C88E9851514}"
EndProject
Project("{FAE04EC0-301F-11D3-BF4B-00C04F79EFBC}") = "Business", "Business\Business.csproj", "{270B75E3-1003-4398-A191-CBC68BE2147F}"
EndProject
Project("{FAE04EC0-301F-11D3-BF4B-00C04F79EFBC}") = "UI", "UI\UI.csproj", "{439C82C2-6E00-423C-B2DC-C3DDB318896B}"
EndProject
Global
	GlobalSection(SolutionConfigurationPlatforms) = preSolution
		Debug|Any CPU = Debug|Any CPU
		Release|Any CPU = Release|Any CPU
	EndGlobalSection
	GlobalSection(ProjectConfigurationPlatforms) = postSolution
		{B7632185-5200-4D9A-A97B-8B9CE3A211E1}.Debug|Any CPU.ActiveCfg = Debug|Any CPU
		{B7632185-5200-4D9A-A97B-8B9CE3A211E1}.Debug|Any CPU.Build.0 = Debug|Any CPU
		{B7632185-5200-4D9A-A97B-8B9CE3A211E1}.Release|Any CPU.ActiveCfg = Release|Any CPU
		{B7632185-5200-4D9A-A97B-8B9CE3A211E1}.Release|Any CPU.Build.0 = Release|Any CPU
		{386FEF0E-59E4-435B-94FC-FAF61BAF4B1C}.Debug|Any CPU.ActiveCfg = Debug|Any CPU
		{386FEF0E-59E4-435B-94FC-FAF61BAF4B1C}.Debug|Any CPU.Build.0 = Debug|Any CPU
		{386FEF0E-59E4-435B-94FC-FAF61BAF4B1C}.Release|Any CPU.ActiveCfg = Release|Any CPU
		{386FEF0E-59E4-435B-94FC-FAF61BAF4B1C}.Release|Any CPU.Build.0 = Release|Any CPU
		{ECD490C8-F82E-44CE-B028-1C88E9851514}.Debug|Any CPU.ActiveCfg = Debug|Any CPU
		{ECD490C8-F82E-44CE-B028-1C88E9851514}.Debug|Any CPU.Build.0 = Debug|Any CPU
		{ECD490C8-F82E-44CE-B028-1C88E9851514}.Release|Any CPU.ActiveCfg = Release|Any CPU
		{ECD490C8-F82E-44CE-B028-1C88E9851514}.Release|Any CPU.Build.0 = Release|Any CPU
		{270B75E3-1003-4398-A191-CBC68BE2147F}.Debug|Any CPU.ActiveCfg = Debug|Any CPU
		{270B75E3-1003-4398-A191-CBC68BE2147F}.Debug|Any CPU.Build.0 = Debug|Any CPU
		{270B75E3-1003-4398-A191-CBC68BE2147F}.Release|Any CPU.ActiveCfg = Release|Any CPU
		{270B75E3-1003-4398-A191-CBC68BE2147F}.Release|Any CPU.Build.0 = Release|Any CPU
		{439C82C2-6E00-423C-B2DC-C3DDB318896B}.Debug|Any CPU.ActiveCfg = Debug|Any CPU
		{439C82C2-6E00-423C-B2DC-C3DDB318896B}.Debug|Any CPU.Build.0 = Debug|Any CPU
		{439C82C2-6E00-423C-B2DC-C3DDB318896B}.Release|Any CPU.ActiveCfg = Release|Any CPU
		{439C82C2-6E00-423C-B2DC-C3DDB318896B}.Release|Any CPU.Build.0 = Release|Any CPU
	EndGlobalSection
	GlobalSection(SolutionProperties) = preSolution
		HideSolutionNode = FALSE
	EndGlobalSection
	GlobalSection(ExtensibilityGlobals) = postSolution
		SolutionGuid = {0F90409C-8D7D-498C-8E5C-18A180E0588F}
	EndGlobalSection
EndGlobal
